
Microsoft Visual Studio Solution File, Format Version 12.00
# Visual Studio Version 16
VisualStudioVersion = 16.0.31515.178
MinimumVisualStudioVersion = 10.0.40219.1
Project("{8BC9CEB8-8B4A-11D0-8D11-00A0C91BC942}") = "DXBasic", "Source\DXBasic.vcxproj", "{0551E667-3614-446B-95DA-6428025B8C51}"
EndProject
Global
	GlobalSection(SolutionConfigurationPlatforms) = preSolution
		Debug|x64 = Debug|x64
		Debug|x86 = Debug|x86
		Release|x64 = Release|x64
		Release|x86 = Release|x86
	EndGlobalSection
	GlobalSection(ProjectConfigurationPlatforms) = postSolution
		{0551E667-3614-446B-95DA-6428025B8C51}.Debug|x64.ActiveCfg = Debug|x64
		{0551E667-3614-446B-95DA-6428025B8C51}.Debug|x64.Build.0 = Debug|x64
		{0551E667-3614-446B-95DA-6428025B8C51}.Debug|x86.ActiveCfg = Debug|Win32
		{0551E667-3614-446B-95DA-6428025B8C51}.Debug|x86.Build.0 = Debug|Win32
		{0551E667-3614-446B-95DA-6428025B8C51}.Release|x64.ActiveCfg = Release|x64
		{0551E667-3614-446B-95DA-6428025B8C51}.Release|x64.Build.0 = Release|x64
		{0551E667-3614-446B-95DA-6428025B8C51}.Release|x86.ActiveCfg = Release|Win32
		{0551E667-3614-446B-95DA-6428025B8C51}.Release|x86.Build.0 = Release|Win32
	EndGlobalSection
	GlobalSection(SolutionProperties) = preSolution
		HideSolutionNode = FALSE
	EndGlobalSection
	GlobalSection(ExtensibilityGlobals) = postSolution
		SolutionGuid = {2E6C8DCC-ED3E-49F7-A7DA-21D491EBFA2E}
	EndGlobalSection
EndGlobal
