<?xml version="1.0" encoding="utf-8"?>
<Project ToolsVersion="4.0" xmlns="http://schemas.microsoft.com/developer/msbuild/2003">
  <ItemGroup>
    <Filter Include="Source Files">
      <UniqueIdentifier>{4FC737F1-C7A5-4376-A066-2A32D752A2FF}</UniqueIdentifier>
      <Extensions>cpp;c;cc;cxx;c++;cppm;ixx;def;odl;idl;hpj;bat;asm;asmx</Extensions>
    </Filter>
    <Filter Include="Header Files">
      <UniqueIdentifier>{93995380-89BD-4b04-88EB-625FBE52EBFB}</UniqueIdentifier>
      <Extensions>h;hh;hpp;hxx;h++;hm;inl;inc;ipp;xsd</Extensions>
    </Filter>
    <Filter Include="Resource Files">
      <UniqueIdentifier>{67DA6AB6-F800-4c08-8B7A-83BB121AAD01}</UniqueIdentifier>
      <Extensions>rc;ico;cur;bmp;dlg;rc2;rct;bin;rgs;gif;jpg;jpeg;jpe;resx;tiff;tif;png;wav;mfcribbon-ms</Extensions>
    </Filter>
    <Filter Include="Resource Files\imgui">
      <UniqueIdentifier>{877e6dbc-95d6-48f7-ad22-71d87ad84056}</UniqueIdentifier>
    </Filter>
    <Filter Include="Resource Files\imgui\impl">
      <UniqueIdentifier>{b7c465d8-d3d7-4a50-8511-ff42827c89ba}</UniqueIdentifier>
    </Filter>
    <Filter Include="Resource Files\imgui\stb">
      <UniqueIdentifier>{32113ef7-fe2b-4415-9645-71984b04c660}</UniqueIdentifier>
    </Filter>
    <Filter Include="Resource Files\imgui\cfg">
      <UniqueIdentifier>{f97da1f1-13d8-4906-98f7-9557ec921290}</UniqueIdentifier>
    </Filter>
    <Filter Include="Resource Files\imgui\main">
      <UniqueIdentifier>{c8b58916-df62-4289-9e3e-60cb3f1387ed}</UniqueIdentifier>
    </Filter>
    <Filter Include="Resource Files\minhook">
      <UniqueIdentifier>{cf24c259-1fc8-4fc1-b9d4-1b4181aba5c7}</UniqueIdentifier>
    </Filter>
  </ItemGroup>
  <ItemGroup>
    <ClInclude Include="framework.h">
      <Filter>Header Files</Filter>
    </ClInclude>
    <ClInclude Include="pch.h">
      <Filter>Header Files</Filter>
    </ClInclude>
    <ClInclude Include="imgui\imgui_impl_win32.h">
      <Filter>Resource Files\imgui\impl</Filter>
    </ClInclude>
    <ClInclude Include="imgui\imstb_rectpack.h">
      <Filter>Resource Files\imgui\stb</Filter>
    </ClInclude>
    <ClInclude Include="imgui\imstb_textedit.h">
      <Filter>Resource Files\imgui\stb</Filter>
    </ClInclude>
    <ClInclude Include="imgui\imstb_truetype.h">
      <Filter>Resource Files\imgui\stb</Filter>
    </ClInclude>
    <ClInclude Include="imgui\imgui.h">
      <Filter>Resource Files\imgui\cfg</Filter>
    </ClInclude>
    <ClInclude Include="imgui\imconfig.h">
      <Filter>Resource Files\imgui\cfg</Filter>
    </ClInclude>
    <ClInclude Include="imgui\imgui_internal.h">
      <Filter>Resource Files\imgui\cfg</Filter>
    </ClInclude>
    <ClInclude Include="kiero.h">
      <Filter>Header Files</Filter>
    </ClInclude>
    <ClInclude Include="minhook\include\minhook.h">
      <Filter>Resource Files\minhook</Filter>
    </ClInclude>
    <ClInclude Include="render.h">
      <Filter>Header Files</Filter>
    </ClInclude>
    <ClInclude Include="imgui\imgui_impl_dx11.h">
      <Filter>Resource Files\imgui\impl</Filter>
    </ClInclude>
    <ClInclude Include="icon_font.h">
      <Filter>Header Files</Filter>
    </ClInclude>
  </ItemGroup>
  <ItemGroup>
    <ClCompile Include="main.cpp">
      <Filter>Source Files</Filter>
    </ClCompile>
    <ClCompile Include="pch.cpp">
      <Filter>Source Files</Filter>
    </ClCompile>
    <ClCompile Include="imgui\imgui_impl_win32.cpp">
      <Filter>Resource Files\imgui\impl</Filter>
    </ClCompile>
    <ClCompile Include="imgui\imgui.cpp">
      <Filter>Resource Files\imgui\main</Filter>
    </ClCompile>
    <ClCompile Include="imgui\imgui_demo.cpp">
      <Filter>Resource Files\imgui\main</Filter>
    </ClCompile>
    <ClCompile Include="imgui\imgui_draw.cpp">
      <Filter>Resource Files\imgui\main</Filter>
    </ClCompile>
    <ClCompile Include="imgui\imgui_tables.cpp">
      <Filter>Resource Files\imgui\main</Filter>
    </ClCompile>
    <ClCompile Include="imgui\imgui_widgets.cpp">
      <Filter>Resource Files\imgui\main</Filter>
    </ClCompile>
    <ClCompile Include="kiero.cpp">
      <Filter>Source Files</Filter>
    </ClCompile>
    <ClCompile Include="render.cpp">
      <Filter>Source Files</Filter>
    </ClCompile>
    <ClCompile Include="imgui\imgui_impl_dx11.cpp">
      <Filter>Resource Files\imgui\impl</Filter>
    </ClCompile>
  </ItemGroup>
</Project>